
Microsoft Visual Studio Solution File, Format Version 11.00
# Visual Studio 2010
Project("{FAE04EC0-301F-11D3-BF4B-00C04F79EFBC}") = "Assembly-CSharp", "Assembly-CSharp.csproj", "{0F4B3DBE-8E18-8B61-6339-1FA9AD2B1ECB}"
EndProject
Global
	GlobalSection(SolutionConfigurationPlatforms) = preSolution
		Debug|Any CPU = Debug|Any CPU
		Release|Any CPU = Release|Any CPU
	EndGlobalSection
	GlobalSection(ProjectConfigurationPlatforms) = postSolution
		{0F4B3DBE-8E18-8B61-6339-1FA9AD2B1ECB}.Debug|Any CPU.ActiveCfg = Debug|Any CPU
		{0F4B3DBE-8E18-8B61-6339-1FA9AD2B1ECB}.Debug|Any CPU.Build.0 = Debug|Any CPU
		{0F4B3DBE-8E18-8B61-6339-1FA9AD2B1ECB}.Release|Any CPU.ActiveCfg = Release|Any CPU
		{0F4B3DBE-8E18-8B61-6339-1FA9AD2B1ECB}.Release|Any CPU.Build.0 = Release|Any CPU
	EndGlobalSection
	GlobalSection(SolutionProperties) = preSolution
		HideSolutionNode = FALSE
	EndGlobalSection
EndGlobal
